[[package]]
name = "bpf-sys"
version = "0.1.0"
dependencies = [
 "zero 0.1.2 (registry+https://github.com/rust-lang/crates.io-index)",
]

[[package]]
name = "cfg-if"
version = "0.1.3"
source = "registry+https://github.com/rust-lang/crates.io-index"

[[package]]
name = "goblin"
version = "0.0.15"
source = "registry+https://github.com/rust-lang/crates.io-index"
dependencies = [
 "log 0.4.2 (registry+https://github.com/rust-lang/crates.io-index)",
 "plain 0.2.3 (registry+https://github.com/rust-lang/crates.io-index)",
 "scroll 0.9.0 (registry+https://github.com/rust-lang/crates.io-index)",
]

[[package]]
name = "log"
version = "0.4.2"
source = "registry+https://github.com/rust-lang/crates.io-index"
dependencies = [
 "cfg-if 0.1.3 (registry+https://github.com/rust-lang/crates.io-index)",
]

[[package]]
name = "plain"
version = "0.2.3"
source = "registry+https://github.com/rust-lang/crates.io-index"

[[package]]
name = "proc-macro2"
version = "0.4.6"
source = "registry+https://github.com/rust-lang/crates.io-index"
dependencies = [
 "unicode-xid 0.1.0 (registry+https://github.com/rust-lang/crates.io-index)",
]

[[package]]
name = "quote"
version = "0.6.3"
source = "registry+https://github.com/rust-lang/crates.io-index"
dependencies = [
 "proc-macro2 0.4.6 (registry+https://github.com/rust-lang/crates.io-index)",
]

[[package]]
name = "redbpf"
version = "0.1.0"
dependencies = [
 "bpf-sys 0.1.0",
 "goblin 0.0.15 (registry+https://github.com/rust-lang/crates.io-index)",
 "zero 0.1.2 (registry+https://github.com/rust-lang/crates.io-index)",
]

[[package]]
name = "scroll"
version = "0.9.0"
source = "registry+https://github.com/rust-lang/crates.io-index"
dependencies = [
 "scroll_derive 0.9.4 (registry+https://github.com/rust-lang/crates.io-index)",
]

[[package]]
name = "scroll_derive"
version = "0.9.4"
source = "registry+https://github.com/rust-lang/crates.io-index"
dependencies = [
 "proc-macro2 0.4.6 (registry+https://github.com/rust-lang/crates.io-index)",
 "quote 0.6.3 (registry+https://github.com/rust-lang/crates.io-index)",
 "syn 0.14.2 (registry+https://github.com/rust-lang/crates.io-index)",
]

[[package]]
name = "syn"
version = "0.14.2"
source = "registry+https://github.com/rust-lang/crates.io-index"
dependencies = [
 "proc-macro2 0.4.6 (registry+https://github.com/rust-lang/crates.io-index)",
 "quote 0.6.3 (registry+https://github.com/rust-lang/crates.io-index)",
 "unicode-xid 0.1.0 (registry+https://github.com/rust-lang/crates.io-index)",
]

[[package]]
name = "unicode-xid"
version = "0.1.0"
source = "registry+https://github.com/rust-lang/crates.io-index"

[[package]]
name = "zero"
version = "0.1.2"
source = "registry+https://github.com/rust-lang/crates.io-index"

[metadata]
"checksum cfg-if 0.1.3 (registry+https://github.com/rust-lang/crates.io-index)" = "405216fd8fe65f718daa7102ea808a946b6ce40c742998fbfd3463645552de18"
"checksum goblin 0.0.15 (registry+https://github.com/rust-lang/crates.io-index)" = "5e3ba9fec4dc9a09553388bff2724d3bf06bd64013539f2d3e1e3838eefb310a"
"checksum log 0.4.2 (registry+https://github.com/rust-lang/crates.io-index)" = "6fddaa003a65722a7fb9e26b0ce95921fe4ba590542ced664d8ce2fa26f9f3ac"
"checksum plain 0.2.3 (registry+https://github.com/rust-lang/crates.io-index)" = "b4596b6d070b27117e987119b4dac604f3c58cfb0b191112e24771b2faeac1a6"
"checksum proc-macro2 0.4.6 (registry+https://github.com/rust-lang/crates.io-index)" = "effdb53b25cdad54f8f48843d67398f7ef2e14f12c1b4cb4effc549a6462a4d6"
"checksum quote 0.6.3 (registry+https://github.com/rust-lang/crates.io-index)" = "e44651a0dc4cdd99f71c83b561e221f714912d11af1a4dff0631f923d53af035"
"checksum scroll 0.9.0 (registry+https://github.com/rust-lang/crates.io-index)" = "66f024a8cc5e456eb870f688dbd899c84f61190c82c7a911e40f926941969074"
"checksum scroll_derive 0.9.4 (registry+https://github.com/rust-lang/crates.io-index)" = "f9a353f5dd99e42ff097d5a61db3257aa2c7127d76a3fa8287b642ef9ae0f7c5"
"checksum syn 0.14.2 (registry+https://github.com/rust-lang/crates.io-index)" = "c67da57e61ebc7b7b6fff56bb34440ca3a83db037320b0507af4c10368deda7d"
"checksum unicode-xid 0.1.0 (registry+https://github.com/rust-lang/crates.io-index)" = "fc72304796d0818e357ead4e000d19c9c174ab23dc11093ac919054d20a6a7fc"
"checksum zero 0.1.2 (registry+https://github.com/rust-lang/crates.io-index)" = "5f1bc8a6b2005884962297587045002d8cfb8dcec9db332f4ca216ddc5de82c5"
